
Microsoft Visual Studio Solution File, Format Version 12.00
# Visual Studio Version 16
VisualStudioVersion = 16.0.29411.108
MinimumVisualStudioVersion = 10.0.40219.1
Project("{FAE04EC0-301F-11D3-BF4B-00C04F79EFBC}") = "MovieTrailerManagement.API", "MovieTrailerManagement.API\MovieTrailerManagement.API.csproj", "{7C7DBA91-0656-4C56-A011-EECF229123D7}"
EndProject
Global
	GlobalSection(SolutionConfigurationPlatforms) = preSolution
		Debug|Any CPU = Debug|Any CPU
		Release|Any CPU = Release|Any CPU
	EndGlobalSection
	GlobalSection(ProjectConfigurationPlatforms) = postSolution
		{7C7DBA91-0656-4C56-A011-EECF229123D7}.Debug|Any CPU.ActiveCfg = Debug|Any CPU
		{7C7DBA91-0656-4C56-A011-EECF229123D7}.Debug|Any CPU.Build.0 = Debug|Any CPU
		{7C7DBA91-0656-4C56-A011-EECF229123D7}.Release|Any CPU.ActiveCfg = Release|Any CPU
		{7C7DBA91-0656-4C56-A011-EECF229123D7}.Release|Any CPU.Build.0 = Release|Any CPU
	EndGlobalSection
	GlobalSection(SolutionProperties) = preSolution
		HideSolutionNode = FALSE
	EndGlobalSection
	GlobalSection(ExtensibilityGlobals) = postSolution
		SolutionGuid = {C3355017-D24A-4D25-BD7B-C5E528D5F700}
	EndGlobalSection
EndGlobal
